{
  "name": "readwords",
  "version": "1.0.0",
  "lockfileVersion": 1,
  "requires": true,
  "dependencies": {
    "censorify": {
      "version": "file:../censorify/censorify-0.1.1.tgz",
      "integrity": "sha512-lLpNcYzHzFbs9IxyEWy8KubdU0WSKtKYdnF3TNvJmz13YeM2I4kTq9FlUb8UGXJMtZXpWHqRb0khNdrmU6PQEg=="
    }
  }
}
